# Generated by pub
# See https://dart.dev/tools/pub/glossary#lockfile
packages:
  ansicolor:
    dependency: "direct main"
    description:
      name: ansicolor
      url: "https://pub.dartlang.org"
    source: hosted
    version: "1.0.2"
  models:
    dependency: "direct main"
    description:
      path: "../models"
      relative: true
    source: path
    version: "0.0.0"
sdks:
  dart: ">=2.2.0 <3.0.0"
